{
  "name": "interactive-live-game-kit",
  "version": "0.3.0",
  "lockfileVersion": 3,
  "requires": true,
  "packages": {
    "": {
      "name": "interactive-live-game-kit",
      "version": "0.3.0",
      "license": "MIT",
      "dependencies": {
        "javascript-astar": "0.4.1"
      },
      "engines": {
        "node": ">=24.11.0"
      }
    },
    "node_modules/javascript-astar": {
      "version": "0.4.1",
      "resolved": "https://registry.npmjs.org/javascript-astar/-/javascript-astar-0.4.1.tgz",
      "integrity": "sha512-/SlmWkL/Ww0tu737MLvKMe2LC4sr081bL4YOgwgugFbKUjxTuQ6WLzGkibCo4buubWo0yT52bbHZlhwcwAYCzQ==",
      "license": "MIT"
    }
  }
}
